# THIS IS AN AUTOGENERATED FILE. DO NOT EDIT THIS FILE DIRECTLY.
# yarn lockfile v1


"@nomad-xyz/excessively-safe-call@0.0.1-rc.1":
  version "0.0.1-rc.1"
  resolved "https://registry.yarnpkg.com/@nomad-xyz/excessively-safe-call/-/excessively-safe-call-0.0.1-rc.1.tgz#fdec5cb293a625680bdacb2759def7048f0dbc3a"
  integrity sha512-Q5GVakBy8J1kWjydH6W5LNbkYY+Cw2doBiLodOfbFGujeng6zM+EtMLb/V+vkWbskbM81y2r+LG5NmxsxyElPA==

"@openzeppelin/contracts@3.4.2-solc-0.7":
  version "3.4.2-solc-0.7"
  resolved "https://registry.yarnpkg.com/@openzeppelin/contracts/-/contracts-3.4.2-solc-0.7.tgz#38f4dbab672631034076ccdf2f3201fab1726635"
  integrity sha512-W6QmqgkADuFcTLzHL8vVoNBtkwjvQRpYIAom7KiUNoLKghyx3FgH0GBjt8NRvigV1ZmMOBllvE1By1C+bi8WpA==

"@uniswap/lib@4.0.1-alpha":
  version "4.0.1-alpha"
  resolved "https://registry.yarnpkg.com/@uniswap/lib/-/lib-4.0.1-alpha.tgz#2881008e55f075344675b3bca93f020b028fbd02"
  integrity sha512-f6UIliwBbRsgVLxIaBANF6w09tYqc6Y/qXdsrbEmXHyFA7ILiKrIwRFXe1yOg8M3cksgVsO9N7yuL2DdCGQKBA==

base64-sol@1.1.0:
  version "1.1.0"
  resolved "https://registry.yarnpkg.com/base64-sol/-/base64-sol-1.1.0.tgz#39c3c91a35790b6eb3b8e73114b46bacf0fc2865"
  integrity sha512-mksLxtFyBcXd3LYK5UxyMj29YR//zoaeXpJaKRbnLQC0E99oCJl7VpKaJDXWAuTvnhxBU9XNYzhxSL8umsrxWg==

"forge-std@github:foundry-rs/forge-std#v1.10.0":
  version "1.10.0"
  resolved "https://codeload.github.com/foundry-rs/forge-std/tar.gz/8bbcf6e3f8f62f419e5429a0bd89331c85c37824"
